// !$*UTF8*$!
{
	archiveVersion = 1;
	classes = {
	};
	objectVersion = 51;
	objects = {

/* Begin PBXBuildFile section */
		73329B59ECB8A050FAEEC189 /* Pods_VPlanTests.framework in Frameworks */ = {isa = PBXBuildFile; fileRef = B3B79CBB40D42E253A57506E /* Pods_VPlanTests.framework */; };
		810BE82F2470698E00C94650 /* Regex.swift in Sources */ = {isa = PBXBuildFile; fileRef = 810BE82E2470698E00C94650 /* Regex.swift */; };
		810BE832247077FC00C94650 /* FirebaseAuthService.swift in Sources */ = {isa = PBXBuildFile; fileRef = 810BE831247077FC00C94650 /* FirebaseAuthService.swift */; };
		810BE8392470838E00C94650 /* LoginView.swift in Sources */ = {isa = PBXBuildFile; fileRef = 810BE8382470838E00C94650 /* LoginView.swift */; };
		810BE83B2470839B00C94650 /* LoginContentView.swift in Sources */ = {isa = PBXBuildFile; fileRef = 810BE83A2470839B00C94650 /* LoginContentView.swift */; };
		810BE83D247083B000C94650 /* LoginViewModel.swift in Sources */ = {isa = PBXBuildFile; fileRef = 810BE83C247083B000C94650 /* LoginViewModel.swift */; };
		810BE84424708E5400C94650 /* ForgotPasswordView.swift in Sources */ = {isa = PBXBuildFile; fileRef = 810BE84324708E5400C94650 /* ForgotPasswordView.swift */; };
		810BE84624708F9400C94650 /* ForgotPasswordContentView.swift in Sources */ = {isa = PBXBuildFile; fileRef = 810BE84524708F9400C94650 /* ForgotPasswordContentView.swift */; };
		810BE8482470904800C94650 /* ForgotPasswordViewModel.swift in Sources */ = {isa = PBXBuildFile; fileRef = 810BE8472470904800C94650 /* ForgotPasswordViewModel.swift */; };
		8116B035247238AE0066AAA1 /* ProfileView.swift in Sources */ = {isa = PBXBuildFile; fileRef = 8116B034247238AE0066AAA1 /* ProfileView.swift */; };
		8116B037247238B80066AAA1 /* ProfileContentView.swift in Sources */ = {isa = PBXBuildFile; fileRef = 8116B036247238B80066AAA1 /* ProfileContentView.swift */; };
		8116B03924723AB50066AAA1 /* ProfileViewModel.swift in Sources */ = {isa = PBXBuildFile; fileRef = 8116B03824723AB50066AAA1 /* ProfileViewModel.swift */; };
		8116B0442472EF0C0066AAA1 /* RegexTests.swift in Sources */ = {isa = PBXBuildFile; fileRef = 8116B0432472EF0C0066AAA1 /* RegexTests.swift */; };
		8116B0472472FBA80066AAA1 /* FirebaseAuthServiceMock.swift in Sources */ = {isa = PBXBuildFile; fileRef = 8116B0462472FBA80066AAA1 /* FirebaseAuthServiceMock.swift */; };
		8116B049247303270066AAA1 /* RegisterSceneTests.swift in Sources */ = {isa = PBXBuildFile; fileRef = 8116B048247303270066AAA1 /* RegisterSceneTests.swift */; };
		8116B04B247306E90066AAA1 /* LoginSceneTests.swift in Sources */ = {isa = PBXBuildFile; fileRef = 8116B04A247306E90066AAA1 /* LoginSceneTests.swift */; };
		8116B04D24730BF40066AAA1 /* FirebaseFireStoreMock.swift in Sources */ = {isa = PBXBuildFile; fileRef = 8116B04C24730BF40066AAA1 /* FirebaseFireStoreMock.swift */; };
		812990562471D8F000C046C7 /* FeedPlanViewModel.swift in Sources */ = {isa = PBXBuildFile; fileRef = 812990552471D8F000C046C7 /* FeedPlanViewModel.swift */; };
		812990582471DEEA00C046C7 /* FeedPlanContentView.swift in Sources */ = {isa = PBXBuildFile; fileRef = 812990572471DEEA00C046C7 /* FeedPlanContentView.swift */; };
		8129905A2471E02300C046C7 /* FeedPlanTableViewCell.swift in Sources */ = {isa = PBXBuildFile; fileRef = 812990592471E02300C046C7 /* FeedPlanTableViewCell.swift */; };
		8129905C2471E56A00C046C7 /* FeedPlanContentViewCell.swift in Sources */ = {isa = PBXBuildFile; fileRef = 8129905B2471E56A00C046C7 /* FeedPlanContentViewCell.swift */; };
		8129905E2471E78800C046C7 /* UITableView+Animation.swift in Sources */ = {isa = PBXBuildFile; fileRef = 8129905D2471E78800C046C7 /* UITableView+Animation.swift */; };
		812990602471EEEB00C046C7 /* TrackLayerView.swift in Sources */ = {isa = PBXBuildFile; fileRef = 8129905F2471EEEB00C046C7 /* TrackLayerView.swift */; };
		812990622472077B00C046C7 /* MenuCollectionViewCell.swift in Sources */ = {isa = PBXBuildFile; fileRef = 812990612472077B00C046C7 /* MenuCollectionViewCell.swift */; };
		812990642472088300C046C7 /* MenuBarView.swift in Sources */ = {isa = PBXBuildFile; fileRef = 812990632472088300C046C7 /* MenuBarView.swift */; };
		8152DE0724704F6D00BF85B2 /* InteractionButton.swift in Sources */ = {isa = PBXBuildFile; fileRef = 8152DE0624704F6D00BF85B2 /* InteractionButton.swift */; };
		8152DE0F2470562C00BF85B2 /* RegisterView.swift in Sources */ = {isa = PBXBuildFile; fileRef = 8152DE0E2470562C00BF85B2 /* RegisterView.swift */; };
		81867C302471808B00BB74E1 /* FeedPlanView.swift in Sources */ = {isa = PBXBuildFile; fileRef = 81867C2F2471808B00BB74E1 /* FeedPlanView.swift */; };
		81867C3424718C5000BB74E1 /* CreatePlanView.swift in Sources */ = {isa = PBXBuildFile; fileRef = 81867C3324718C5000BB74E1 /* CreatePlanView.swift */; };
		81867C3624718DD200BB74E1 /* GradientNavigationBar.swift in Sources */ = {isa = PBXBuildFile; fileRef = 81867C3524718DD200BB74E1 /* GradientNavigationBar.swift */; };
		81867C3824718FB500BB74E1 /* CreatePlanContentView.swift in Sources */ = {isa = PBXBuildFile; fileRef = 81867C3724718FB500BB74E1 /* CreatePlanContentView.swift */; };
		81867C3C2471941600BB74E1 /* CreatePlanViewModel.swift in Sources */ = {isa = PBXBuildFile; fileRef = 81867C3B2471941600BB74E1 /* CreatePlanViewModel.swift */; };
		819DDF3C24719ADE00E143C0 /* FirebaseFirestoreService.swift in Sources */ = {isa = PBXBuildFile; fileRef = 819DDF3B24719ADE00E143C0 /* FirebaseFirestoreService.swift */; };
		81A28E6C2470331C00975F8C /* AppDelegate.swift in Sources */ = {isa = PBXBuildFile; fileRef = 81A28E6B2470331C00975F8C /* AppDelegate.swift */; };
		81A28E6E2470331C00975F8C /* SceneDelegate.swift in Sources */ = {isa = PBXBuildFile; fileRef = 81A28E6D2470331C00975F8C /* SceneDelegate.swift */; };
		81A28E752470332100975F8C /* Assets.xcassets in Resources */ = {isa = PBXBuildFile; fileRef = 81A28E742470332100975F8C /* Assets.xcassets */; };
		81A28E782470332100975F8C /* LaunchScreen.storyboard in Resources */ = {isa = PBXBuildFile; fileRef = 81A28E762470332100975F8C /* LaunchScreen.storyboard */; };
		81A28E832470332100975F8C /* VPlanTests.swift in Sources */ = {isa = PBXBuildFile; fileRef = 81A28E822470332100975F8C /* VPlanTests.swift */; };
		81A28E922470349A00975F8C /* Coordinator.swift in Sources */ = {isa = PBXBuildFile; fileRef = 81A28E912470349A00975F8C /* Coordinator.swift */; };
		81A28E98247034EC00975F8C /* WelcomeView.swift in Sources */ = {isa = PBXBuildFile; fileRef = 81A28E97247034EC00975F8C /* WelcomeView.swift */; };
		81A28E9A247039C200975F8C /* GoogleService-Info.plist in Resources */ = {isa = PBXBuildFile; fileRef = 81A28E99247039C200975F8C /* GoogleService-Info.plist */; };
		81E7535324705724004B44EB /* RegisterContentView.swift in Sources */ = {isa = PBXBuildFile; fileRef = 81E7535224705724004B44EB /* RegisterContentView.swift */; };
		81E75355247058B0004B44EB /* InteractionTextField.swift in Sources */ = {isa = PBXBuildFile; fileRef = 81E75354247058B0004B44EB /* InteractionTextField.swift */; };
		81E7535924706523004B44EB /* RegisterViewModel.swift in Sources */ = {isa = PBXBuildFile; fileRef = 81E7535824706523004B44EB /* RegisterViewModel.swift */; };
		81F4657D247042B7000AA11E /* WelcomeContentView.swift in Sources */ = {isa = PBXBuildFile; fileRef = 81F4657C247042B7000AA11E /* WelcomeContentView.swift */; };
		81F465812470433E000AA11E /* Then.swift in Sources */ = {isa = PBXBuildFile; fileRef = 81F465802470433E000AA11E /* Then.swift */; };
		81F465832470435A000AA11E /* ConfigurableView.swift in Sources */ = {isa = PBXBuildFile; fileRef = 81F465822470435A000AA11E /* ConfigurableView.swift */; };
		8704338E11B2DB8CE8D038EA /* Pods_VPlan.framework in Frameworks */ = {isa = PBXBuildFile; fileRef = 9C369BFC7821149CE02C9EB9 /* Pods_VPlan.framework */; };
/* End PBXBuildFile section */

/* Begin PBXContainerItemProxy section */
		81A28E7F2470332100975F8C /* PBXContainerItemProxy */ = {
			isa = PBXContainerItemProxy;
			containerPortal = 81A28E602470331C00975F8C /* Project object */;
			proxyType = 1;
			remoteGlobalIDString = 81A28E672470331C00975F8C;
			remoteInfo = VPlan;
		};
/* End PBXContainerItemProxy section */

/* Begin PBXFileReference section */
		2F8AA2A90617C9F4D75D4622 /* Pods-VPlanTests.release.xcconfig */ = {isa = PBXFileReference; includeInIndex = 1; lastKnownFileType = text.xcconfig; name = "Pods-VPlanTests.release.xcconfig"; path = "Target Support Files/Pods-VPlanTests/Pods-VPlanTests.release.xcconfig"; sourceTree = "<group>"; };
		31AE7B85D981BAAB16EA8751 /* Pods-VPlan.release.xcconfig */ = {isa = PBXFileReference; includeInIndex = 1; lastKnownFileType = text.xcconfig; name = "Pods-VPlan.release.xcconfig"; path = "Target Support Files/Pods-VPlan/Pods-VPlan.release.xcconfig"; sourceTree = "<group>"; };
		810BE82E2470698E00C94650 /* Regex.swift */ = {isa = PBXFileReference; lastKnownFileType = sourcecode.swift; path = Regex.swift; sourceTree = "<group>"; };
		810BE831247077FC00C94650 /* FirebaseAuthService.swift */ = {isa = PBXFileReference; lastKnownFileType = sourcecode.swift; path = FirebaseAuthService.swift; sourceTree = "<group>"; };
		810BE8382470838E00C94650 /* LoginView.swift */ = {isa = PBXFileReference; lastKnownFileType = sourcecode.swift; path = LoginView.swift; sourceTree = "<group>"; };
		810BE83A2470839B00C94650 /* LoginContentView.swift */ = {isa = PBXFileReference; lastKnownFileType = sourcecode.swift; path = LoginContentView.swift; sourceTree = "<group>"; };
		810BE83C247083B000C94650 /* LoginViewModel.swift */ = {isa = PBXFileReference; lastKnownFileType = sourcecode.swift; path = LoginViewModel.swift; sourceTree = "<group>"; };
		810BE84324708E5400C94650 /* ForgotPasswordView.swift */ = {isa = PBXFileReference; lastKnownFileType = sourcecode.swift; path = ForgotPasswordView.swift; sourceTree = "<group>"; };
		810BE84524708F9400C94650 /* ForgotPasswordContentView.swift */ = {isa = PBXFileReference; lastKnownFileType = sourcecode.swift; path = ForgotPasswordContentView.swift; sourceTree = "<group>"; };
		810BE8472470904800C94650 /* ForgotPasswordViewModel.swift */ = {isa = PBXFileReference; lastKnownFileType = sourcecode.swift; path = ForgotPasswordViewModel.swift; sourceTree = "<group>"; };
		8116B034247238AE0066AAA1 /* ProfileView.swift */ = {isa = PBXFileReference; lastKnownFileType = sourcecode.swift; path = ProfileView.swift; sourceTree = "<group>"; };
		8116B036247238B80066AAA1 /* ProfileContentView.swift */ = {isa = PBXFileReference; lastKnownFileType = sourcecode.swift; path = ProfileContentView.swift; sourceTree = "<group>"; };
		8116B03824723AB50066AAA1 /* ProfileViewModel.swift */ = {isa = PBXFileReference; lastKnownFileType = sourcecode.swift; path = ProfileViewModel.swift; sourceTree = "<group>"; };
		8116B0432472EF0C0066AAA1 /* RegexTests.swift */ = {isa = PBXFileReference; lastKnownFileType = sourcecode.swift; path = RegexTests.swift; sourceTree = "<group>"; };
		8116B0462472FBA80066AAA1 /* FirebaseAuthServiceMock.swift */ = {isa = PBXFileReference; lastKnownFileType = sourcecode.swift; path = FirebaseAuthServiceMock.swift; sourceTree = "<group>"; };
		8116B048247303270066AAA1 /* RegisterSceneTests.swift */ = {isa = PBXFileReference; lastKnownFileType = sourcecode.swift; path = RegisterSceneTests.swift; sourceTree = "<group>"; };
		8116B04A247306E90066AAA1 /* LoginSceneTests.swift */ = {isa = PBXFileReference; lastKnownFileType = sourcecode.swift; path = LoginSceneTests.swift; sourceTree = "<group>"; };
		8116B04C24730BF40066AAA1 /* FirebaseFireStoreMock.swift */ = {isa = PBXFileReference; lastKnownFileType = sourcecode.swift; path = FirebaseFireStoreMock.swift; sourceTree = "<group>"; };
		812990552471D8F000C046C7 /* FeedPlanViewModel.swift */ = {isa = PBXFileReference; lastKnownFileType = sourcecode.swift; path = FeedPlanViewModel.swift; sourceTree = "<group>"; };
		812990572471DEEA00C046C7 /* FeedPlanContentView.swift */ = {isa = PBXFileReference; lastKnownFileType = sourcecode.swift; path = FeedPlanContentView.swift; sourceTree = "<group>"; };
		812990592471E02300C046C7 /* FeedPlanTableViewCell.swift */ = {isa = PBXFileReference; lastKnownFileType = sourcecode.swift; path = FeedPlanTableViewCell.swift; sourceTree = "<group>"; };
		8129905B2471E56A00C046C7 /* FeedPlanContentViewCell.swift */ = {isa = PBXFileReference; lastKnownFileType = sourcecode.swift; path = FeedPlanContentViewCell.swift; sourceTree = "<group>"; };
		8129905D2471E78800C046C7 /* UITableView+Animation.swift */ = {isa = PBXFileReference; lastKnownFileType = sourcecode.swift; path = "UITableView+Animation.swift"; sourceTree = "<group>"; };
		8129905F2471EEEB00C046C7 /* TrackLayerView.swift */ = {isa = PBXFileReference; lastKnownFileType = sourcecode.swift; path = TrackLayerView.swift; sourceTree = "<group>"; };
		812990612472077B00C046C7 /* MenuCollectionViewCell.swift */ = {isa = PBXFileReference; lastKnownFileType = sourcecode.swift; path = MenuCollectionViewCell.swift; sourceTree = "<group>"; };
		812990632472088300C046C7 /* MenuBarView.swift */ = {isa = PBXFileReference; lastKnownFileType = sourcecode.swift; path = MenuBarView.swift; sourceTree = "<group>"; };
		8152DE0624704F6D00BF85B2 /* InteractionButton.swift */ = {isa = PBXFileReference; lastKnownFileType = sourcecode.swift; path = InteractionButton.swift; sourceTree = "<group>"; };
		8152DE0E2470562C00BF85B2 /* RegisterView.swift */ = {isa = PBXFileReference; lastKnownFileType = sourcecode.swift; path = RegisterView.swift; sourceTree = "<group>"; };
		81867C2F2471808B00BB74E1 /* FeedPlanView.swift */ = {isa = PBXFileReference; lastKnownFileType = sourcecode.swift; path = FeedPlanView.swift; sourceTree = "<group>"; };
		81867C3324718C5000BB74E1 /* CreatePlanView.swift */ = {isa = PBXFileReference; lastKnownFileType = sourcecode.swift; path = CreatePlanView.swift; sourceTree = "<group>"; };
		81867C3524718DD200BB74E1 /* GradientNavigationBar.swift */ = {isa = PBXFileReference; lastKnownFileType = sourcecode.swift; path = GradientNavigationBar.swift; sourceTree = "<group>"; };
		81867C3724718FB500BB74E1 /* CreatePlanContentView.swift */ = {isa = PBXFileReference; lastKnownFileType = sourcecode.swift; path = CreatePlanContentView.swift; sourceTree = "<group>"; };
		81867C3B2471941600BB74E1 /* CreatePlanViewModel.swift */ = {isa = PBXFileReference; lastKnownFileType = sourcecode.swift; path = CreatePlanViewModel.swift; sourceTree = "<group>"; };
		819DDF3B24719ADE00E143C0 /* FirebaseFirestoreService.swift */ = {isa = PBXFileReference; lastKnownFileType = sourcecode.swift; path = FirebaseFirestoreService.swift; sourceTree = "<group>"; };
		81A28E682470331C00975F8C /* VPlan.app */ = {isa = PBXFileReference; explicitFileType = wrapper.application; includeInIndex = 0; path = VPlan.app; sourceTree = BUILT_PRODUCTS_DIR; };
		81A28E6B2470331C00975F8C /* AppDelegate.swift */ = {isa = PBXFileReference; lastKnownFileType = sourcecode.swift; path = AppDelegate.swift; sourceTree = "<group>"; };
		81A28E6D2470331C00975F8C /* SceneDelegate.swift */ = {isa = PBXFileReference; lastKnownFileType = sourcecode.swift; path = SceneDelegate.swift; sourceTree = "<group>"; };
		81A28E742470332100975F8C /* Assets.xcassets */ = {isa = PBXFileReference; lastKnownFileType = folder.assetcatalog; path = Assets.xcassets; sourceTree = "<group>"; };
		81A28E772470332100975F8C /* Base */ = {isa = PBXFileReference; lastKnownFileType = file.storyboard; name = Base; path = Base.lproj/LaunchScreen.storyboard; sourceTree = "<group>"; };
		81A28E792470332100975F8C /* Info.plist */ = {isa = PBXFileReference; lastKnownFileType = text.plist.xml; path = Info.plist; sourceTree = "<group>"; };
		81A28E7E2470332100975F8C /* VPlanTests.xctest */ = {isa = PBXFileReference; explicitFileType = wrapper.cfbundle; includeInIndex = 0; path = VPlanTests.xctest; sourceTree = BUILT_PRODUCTS_DIR; };
		81A28E822470332100975F8C /* VPlanTests.swift */ = {isa = PBXFileReference; lastKnownFileType = sourcecode.swift; path = VPlanTests.swift; sourceTree = "<group>"; };
		81A28E842470332100975F8C /* Info.plist */ = {isa = PBXFileReference; lastKnownFileType = text.plist.xml; path = Info.plist; sourceTree = "<group>"; };
		81A28E912470349A00975F8C /* Coordinator.swift */ = {isa = PBXFileReference; lastKnownFileType = sourcecode.swift; path = Coordinator.swift; sourceTree = "<group>"; };
		81A28E97247034EC00975F8C /* WelcomeView.swift */ = {isa = PBXFileReference; lastKnownFileType = sourcecode.swift; path = WelcomeView.swift; sourceTree = "<group>"; };
		81A28E99247039C200975F8C /* GoogleService-Info.plist */ = {isa = PBXFileReference; fileEncoding = 4; lastKnownFileType = text.plist.xml; path = "GoogleService-Info.plist"; sourceTree = "<group>"; };
		81E7535224705724004B44EB /* RegisterContentView.swift */ = {isa = PBXFileReference; lastKnownFileType = sourcecode.swift; path = RegisterContentView.swift; sourceTree = "<group>"; };
		81E75354247058B0004B44EB /* InteractionTextField.swift */ = {isa = PBXFileReference; lastKnownFileType = sourcecode.swift; path = InteractionTextField.swift; sourceTree = "<group>"; };
		81E7535824706523004B44EB /* RegisterViewModel.swift */ = {isa = PBXFileReference; lastKnownFileType = sourcecode.swift; path = RegisterViewModel.swift; sourceTree = "<group>"; };
		81F4657C247042B7000AA11E /* WelcomeContentView.swift */ = {isa = PBXFileReference; lastKnownFileType = sourcecode.swift; path = WelcomeContentView.swift; sourceTree = "<group>"; };
		81F465802470433E000AA11E /* Then.swift */ = {isa = PBXFileReference; lastKnownFileType = sourcecode.swift; path = Then.swift; sourceTree = "<group>"; };
		81F465822470435A000AA11E /* ConfigurableView.swift */ = {isa = PBXFileReference; lastKnownFileType = sourcecode.swift; path = ConfigurableView.swift; sourceTree = "<group>"; };
		8373F2C311910EB551D42D55 /* Pods-VPlanTests.debug.xcconfig */ = {isa = PBXFileReference; includeInIndex = 1; lastKnownFileType = text.xcconfig; name = "Pods-VPlanTests.debug.xcconfig"; path = "Target Support Files/Pods-VPlanTests/Pods-VPlanTests.debug.xcconfig"; sourceTree = "<group>"; };
		964366FA788567CDF7EB38BD /* Pods-VPlan.debug.xcconfig */ = {isa = PBXFileReference; includeInIndex = 1; lastKnownFileType = text.xcconfig; name = "Pods-VPlan.debug.xcconfig"; path = "Target Support Files/Pods-VPlan/Pods-VPlan.debug.xcconfig"; sourceTree = "<group>"; };
		9C369BFC7821149CE02C9EB9 /* Pods_VPlan.framework */ = {isa = PBXFileReference; explicitFileType = wrapper.framework; includeInIndex = 0; path = Pods_VPlan.framework; sourceTree = BUILT_PRODUCTS_DIR; };
		B3B79CBB40D42E253A57506E /* Pods_VPlanTests.framework */ = {isa = PBXFileReference; explicitFileType = wrapper.framework; includeInIndex = 0; path = Pods_VPlanTests.framework; sourceTree = BUILT_PRODUCTS_DIR; };
/* End PBXFileReference section */

/* Begin PBXFrameworksBuildPhase section */
		81A28E652470331C00975F8C /* Frameworks */ = {
			isa = PBXFrameworksBuildPhase;
			buildActionMask = 2147483647;
			files = (
				8704338E11B2DB8CE8D038EA /* Pods_VPlan.framework in Frameworks */,
			);
			runOnlyForDeploymentPostprocessing = 0;
		};
		81A28E7B2470332100975F8C /* Frameworks */ = {
			isa = PBXFrameworksBuildPhase;
			buildActionMask = 2147483647;
			files = (
				73329B59ECB8A050FAEEC189 /* Pods_VPlanTests.framework in Frameworks */,
			);
			runOnlyForDeploymentPostprocessing = 0;
		};
/* End PBXFrameworksBuildPhase section */

/* Begin PBXGroup section */
		810BE82D2470698500C94650 /* Regex */ = {
			isa = PBXGroup;
			children = (
				810BE82E2470698E00C94650 /* Regex.swift */,
			);
			path = Regex;
			sourceTree = "<group>";
		};
		810BE830247077F100C94650 /* Firebase */ = {
			isa = PBXGroup;
			children = (
				810BE831247077FC00C94650 /* FirebaseAuthService.swift */,
				819DDF3B24719ADE00E143C0 /* FirebaseFirestoreService.swift */,
			);
			path = Firebase;
			sourceTree = "<group>";
		};
		810BE8332470836C00C94650 /* Login */ = {
			isa = PBXGroup;
			children = (
				810BE8352470837500C94650 /* ViewModel */,
				810BE8342470837000C94650 /* View */,
			);
			path = Login;
			sourceTree = "<group>";
		};
		810BE8342470837000C94650 /* View */ = {
			isa = PBXGroup;
			children = (
				810BE8372470838100C94650 /* RootView */,
				810BE8362470837C00C94650 /* CustomView */,
			);
			path = View;
			sourceTree = "<group>";
		};
		810BE8352470837500C94650 /* ViewModel */ = {
			isa = PBXGroup;
			children = (
				810BE83C247083B000C94650 /* LoginViewModel.swift */,
			);
			path = ViewModel;
			sourceTree = "<group>";
		};
		810BE8362470837C00C94650 /* CustomView */ = {
			isa = PBXGroup;
			children = (
				810BE83A2470839B00C94650 /* LoginContentView.swift */,
			);
			path = CustomView;
			sourceTree = "<group>";
		};
		810BE8372470838100C94650 /* RootView */ = {
			isa = PBXGroup;
			children = (
				810BE8382470838E00C94650 /* LoginView.swift */,
			);
			path = RootView;
			sourceTree = "<group>";
		};
		810BE83E24708DBE00C94650 /* ForgotPassword */ = {
			isa = PBXGroup;
			children = (
				810BE84024708DF300C94650 /* ViewModel */,
				810BE83F24708DEE00C94650 /* View */,
			);
			path = ForgotPassword;
			sourceTree = "<group>";
		};
		810BE83F24708DEE00C94650 /* View */ = {
			isa = PBXGroup;
			children = (
				810BE84224708E4000C94650 /* CustomView */,
				810BE84124708E3800C94650 /* RootView */,
			);
			path = View;
			sourceTree = "<group>";
		};
		810BE84024708DF300C94650 /* ViewModel */ = {
			isa = PBXGroup;
			children = (
				810BE8472470904800C94650 /* ForgotPasswordViewModel.swift */,
			);
			path = ViewModel;
			sourceTree = "<group>";
		};
		810BE84124708E3800C94650 /* RootView */ = {
			isa = PBXGroup;
			children = (
				810BE84324708E5400C94650 /* ForgotPasswordView.swift */,
			);
			path = RootView;
			sourceTree = "<group>";
		};
		810BE84224708E4000C94650 /* CustomView */ = {
			isa = PBXGroup;
			children = (
				810BE84524708F9400C94650 /* ForgotPasswordContentView.swift */,
			);
			path = CustomView;
			sourceTree = "<group>";
		};
		810BE84924709B8400C94650 /* SignUp */ = {
			isa = PBXGroup;
			children = (
				810BE83E24708DBE00C94650 /* ForgotPassword */,
				810BE8332470836C00C94650 /* Login */,
				8152DE09247050EB00BF85B2 /* Register */,
				81A28E94247034CB00975F8C /* Welcome */,
			);
			path = SignUp;
			sourceTree = "<group>";
		};
		8116B02F247238100066AAA1 /* Profile */ = {
			isa = PBXGroup;
			children = (
				8116B031247238580066AAA1 /* ViewModel */,
				8116B030247238540066AAA1 /* View */,
			);
			path = Profile;
			sourceTree = "<group>";
		};
		8116B030247238540066AAA1 /* View */ = {
			isa = PBXGroup;
			children = (
				8116B033247238A10066AAA1 /* CustomView */,
				8116B0322472389A0066AAA1 /* RootView */,
			);
			path = View;
			sourceTree = "<group>";
		};
		8116B031247238580066AAA1 /* ViewModel */ = {
			isa = PBXGroup;
			children = (
				8116B03824723AB50066AAA1 /* ProfileViewModel.swift */,
			);
			path = ViewModel;
			sourceTree = "<group>";
		};
		8116B0322472389A0066AAA1 /* RootView */ = {
			isa = PBXGroup;
			children = (
				8116B034247238AE0066AAA1 /* ProfileView.swift */,
			);
			path = RootView;
			sourceTree = "<group>";
		};
		8116B033247238A10066AAA1 /* CustomView */ = {
			isa = PBXGroup;
			children = (
				8116B036247238B80066AAA1 /* ProfileContentView.swift */,
			);
			path = CustomView;
			sourceTree = "<group>";
		};
		8116B03A2472EDD20066AAA1 /* Commom */ = {
			isa = PBXGroup;
			children = (
				8116B0422472EEA70066AAA1 /* Regex */,
				8116B0412472EE890066AAA1 /* Firebase */,
			);
			path = Commom;
			sourceTree = "<group>";
		};
		8116B03B2472EDE00066AAA1 /* Scenes */ = {
			isa = PBXGroup;
			children = (
				8116B0402472EE770066AAA1 /* FeedPlan */,
				8116B03F2472EE710066AAA1 /* CreatePlan */,
				8116B03E2472EE6A0066AAA1 /* Login */,
				8116B03D2472EE650066AAA1 /* Register */,
			);
			path = Scenes;
			sourceTree = "<group>";
		};
		8116B03D2472EE650066AAA1 /* Register */ = {
			isa = PBXGroup;
			children = (
				8116B048247303270066AAA1 /* RegisterSceneTests.swift */,
			);
			path = Register;
			sourceTree = "<group>";
		};
		8116B03E2472EE6A0066AAA1 /* Login */ = {
			isa = PBXGroup;
			children = (
				8116B04A247306E90066AAA1 /* LoginSceneTests.swift */,
			);
			path = Login;
			sourceTree = "<group>";
		};
		8116B03F2472EE710066AAA1 /* CreatePlan */ = {
			isa = PBXGroup;
			children = (
			);
			path = CreatePlan;
			sourceTree = "<group>";
		};
		8116B0402472EE770066AAA1 /* FeedPlan */ = {
			isa = PBXGroup;
			children = (
			);
			path = FeedPlan;
			sourceTree = "<group>";
		};
		8116B0412472EE890066AAA1 /* Firebase */ = {
			isa = PBXGroup;
			children = (
				8116B0452472FAFE0066AAA1 /* Mock */,
			);
			path = Firebase;
			sourceTree = "<group>";
		};
		8116B0422472EEA70066AAA1 /* Regex */ = {
			isa = PBXGroup;
			children = (
				8116B0432472EF0C0066AAA1 /* RegexTests.swift */,
			);
			path = Regex;
			sourceTree = "<group>";
		};
		8116B0452472FAFE0066AAA1 /* Mock */ = {
			isa = PBXGroup;
			children = (
				8116B0462472FBA80066AAA1 /* FirebaseAuthServiceMock.swift */,
				8116B04C24730BF40066AAA1 /* FirebaseFireStoreMock.swift */,
			);
			path = Mock;
			sourceTree = "<group>";
		};
		8152DE0524704F4B00BF85B2 /* Components */ = {
			isa = PBXGroup;
			children = (
				812990612472077B00C046C7 /* MenuCollectionViewCell.swift */,
				812990632472088300C046C7 /* MenuBarView.swift */,
				8152DE0624704F6D00BF85B2 /* InteractionButton.swift */,
				81E75354247058B0004B44EB /* InteractionTextField.swift */,
				81867C3524718DD200BB74E1 /* GradientNavigationBar.swift */,
				8129905F2471EEEB00C046C7 /* TrackLayerView.swift */,
			);
			path = Components;
			sourceTree = "<group>";
		};
		8152DE09247050EB00BF85B2 /* Register */ = {
			isa = PBXGroup;
			children = (
				8152DE0B2470545B00BF85B2 /* ViewModel */,
				8152DE0A2470545700BF85B2 /* View */,
			);
			path = Register;
			sourceTree = "<group>";
		};
		8152DE0A2470545700BF85B2 /* View */ = {
			isa = PBXGroup;
			children = (
				8152DE0D2470559E00BF85B2 /* CustomView */,
				8152DE0C2470559600BF85B2 /* RootView */,
			);
			path = View;
			sourceTree = "<group>";
		};
		8152DE0B2470545B00BF85B2 /* ViewModel */ = {
			isa = PBXGroup;
			children = (
				81E7535824706523004B44EB /* RegisterViewModel.swift */,
			);
			path = ViewModel;
			sourceTree = "<group>";
		};
		8152DE0C2470559600BF85B2 /* RootView */ = {
			isa = PBXGroup;
			children = (
				8152DE0E2470562C00BF85B2 /* RegisterView.swift */,
			);
			path = RootView;
			sourceTree = "<group>";
		};
		8152DE0D2470559E00BF85B2 /* CustomView */ = {
			isa = PBXGroup;
			children = (
				81E7535224705724004B44EB /* RegisterContentView.swift */,
			);
			path = CustomView;
			sourceTree = "<group>";
		};
		81867C292471803D00BB74E1 /* FeedPlan */ = {
			isa = PBXGroup;
			children = (
				81867C2C2471807000BB74E1 /* ViewModel */,
				81867C2B2471806B00BB74E1 /* View */,
			);
			path = FeedPlan;
			sourceTree = "<group>";
		};
		81867C2A2471804B00BB74E1 /* CreatePlan */ = {
			isa = PBXGroup;
			children = (
				81867C3224718B2600BB74E1 /* ViewModel */,
				81867C3124718B2200BB74E1 /* View */,
			);
			path = CreatePlan;
			sourceTree = "<group>";
		};
		81867C2B2471806B00BB74E1 /* View */ = {
			isa = PBXGroup;
			children = (
				81867C2E2471807B00BB74E1 /* RootView */,
				81867C2D2471807600BB74E1 /* CustomView */,
			);
			path = View;
			sourceTree = "<group>";
		};
		81867C2C2471807000BB74E1 /* ViewModel */ = {
			isa = PBXGroup;
			children = (
				812990552471D8F000C046C7 /* FeedPlanViewModel.swift */,
			);
			path = ViewModel;
			sourceTree = "<group>";
		};
		81867C2D2471807600BB74E1 /* CustomView */ = {
			isa = PBXGroup;
			children = (
				812990572471DEEA00C046C7 /* FeedPlanContentView.swift */,
				812990592471E02300C046C7 /* FeedPlanTableViewCell.swift */,
				8129905B2471E56A00C046C7 /* FeedPlanContentViewCell.swift */,
			);
			path = CustomView;
			sourceTree = "<group>";
		};
		81867C2E2471807B00BB74E1 /* RootView */ = {
			isa = PBXGroup;
			children = (
				81867C2F2471808B00BB74E1 /* FeedPlanView.swift */,
			);
			path = RootView;
			sourceTree = "<group>";
		};
		81867C3124718B2200BB74E1 /* View */ = {
			isa = PBXGroup;
			children = (
				81867C3A2471903C00BB74E1 /* CustomView */,
				81867C392471903700BB74E1 /* RootView */,
			);
			path = View;
			sourceTree = "<group>";
		};
		81867C3224718B2600BB74E1 /* ViewModel */ = {
			isa = PBXGroup;
			children = (
				81867C3B2471941600BB74E1 /* CreatePlanViewModel.swift */,
			);
			path = ViewModel;
			sourceTree = "<group>";
		};
		81867C392471903700BB74E1 /* RootView */ = {
			isa = PBXGroup;
			children = (
				81867C3324718C5000BB74E1 /* CreatePlanView.swift */,
			);
			path = RootView;
			sourceTree = "<group>";
		};
		81867C3A2471903C00BB74E1 /* CustomView */ = {
			isa = PBXGroup;
			children = (
				81867C3724718FB500BB74E1 /* CreatePlanContentView.swift */,
			);
			path = CustomView;
			sourceTree = "<group>";
		};
		81A28E5F2470331C00975F8C = {
			isa = PBXGroup;
			children = (
				81A28E6A2470331C00975F8C /* VPlan */,
				81A28E812470332100975F8C /* VPlanTests */,
				81A28E692470331C00975F8C /* Products */,
				E9C03F50A4AC2B82809B0350 /* Pods */,
				FE9C8E8D904B66546EED036A /* Frameworks */,
			);
			sourceTree = "<group>";
		};
		81A28E692470331C00975F8C /* Products */ = {
			isa = PBXGroup;
			children = (
				81A28E682470331C00975F8C /* VPlan.app */,
				81A28E7E2470332100975F8C /* VPlanTests.xctest */,
			);
			name = Products;
			sourceTree = "<group>";
		};
		81A28E6A2470331C00975F8C /* VPlan */ = {
			isa = PBXGroup;
			children = (
				81A28E902470347500975F8C /* Coordinator */,
				81F4657E2470430A000AA11E /* Common */,
				81A28E93247034B600975F8C /* Scenes */,
				81A28E8E247033E000975F8C /* SupportingFiles */,
				81A28E8D247033A300975F8C /* Resources */,
				81A28E792470332100975F8C /* Info.plist */,
				81A28E99247039C200975F8C /* GoogleService-Info.plist */,
			);
			path = VPlan;
			sourceTree = "<group>";
		};
		81A28E812470332100975F8C /* VPlanTests */ = {
			isa = PBXGroup;
			children = (
				8116B03B2472EDE00066AAA1 /* Scenes */,
				8116B03A2472EDD20066AAA1 /* Commom */,
				81A28E822470332100975F8C /* VPlanTests.swift */,
				81A28E842470332100975F8C /* Info.plist */,
			);
			path = VPlanTests;
			sourceTree = "<group>";
		};
		81A28E8D247033A300975F8C /* Resources */ = {
			isa = PBXGroup;
			children = (
				81A28E742470332100975F8C /* Assets.xcassets */,
			);
			path = Resources;
			sourceTree = "<group>";
		};
		81A28E8E247033E000975F8C /* SupportingFiles */ = {
			isa = PBXGroup;
			children = (
				81A28E762470332100975F8C /* LaunchScreen.storyboard */,
				81A28E6B2470331C00975F8C /* AppDelegate.swift */,
				81A28E6D2470331C00975F8C /* SceneDelegate.swift */,
			);
			path = SupportingFiles;
			sourceTree = "<group>";
		};
		81A28E902470347500975F8C /* Coordinator */ = {
			isa = PBXGroup;
			children = (
				81A28E912470349A00975F8C /* Coordinator.swift */,
			);
			path = Coordinator;
			sourceTree = "<group>";
		};
		81A28E93247034B600975F8C /* Scenes */ = {
			isa = PBXGroup;
			children = (
				81867C292471803D00BB74E1 /* FeedPlan */,
				81867C2A2471804B00BB74E1 /* CreatePlan */,
				8116B02F247238100066AAA1 /* Profile */,
				810BE84924709B8400C94650 /* SignUp */,
			);
			path = Scenes;
			sourceTree = "<group>";
		};
		81A28E94247034CB00975F8C /* Welcome */ = {
			isa = PBXGroup;
			children = (
				81A28E95247034D600975F8C /* View */,
			);
			path = Welcome;
			sourceTree = "<group>";
		};
		81A28E95247034D600975F8C /* View */ = {
			isa = PBXGroup;
			children = (
				81F4657B2470426C000AA11E /* CustomView */,
				81F4657A24704262000AA11E /* RootView */,
			);
			path = View;
			sourceTree = "<group>";
		};
		81F4657A24704262000AA11E /* RootView */ = {
			isa = PBXGroup;
			children = (
				81A28E97247034EC00975F8C /* WelcomeView.swift */,
			);
			path = RootView;
			sourceTree = "<group>";
		};
		81F4657B2470426C000AA11E /* CustomView */ = {
			isa = PBXGroup;
			children = (
				81F4657C247042B7000AA11E /* WelcomeContentView.swift */,
			);
			path = CustomView;
			sourceTree = "<group>";
		};
		81F4657E2470430A000AA11E /* Common */ = {
			isa = PBXGroup;
			children = (
				810BE830247077F100C94650 /* Firebase */,
				810BE82D2470698500C94650 /* Regex */,
				8152DE0524704F4B00BF85B2 /* Components */,
				81F4657F24704319000AA11E /* UIView */,
			);
			path = Common;
			sourceTree = "<group>";
		};
		81F4657F24704319000AA11E /* UIView */ = {
			isa = PBXGroup;
			children = (
				81F465802470433E000AA11E /* Then.swift */,
				81F465822470435A000AA11E /* ConfigurableView.swift */,
				8129905D2471E78800C046C7 /* UITableView+Animation.swift */,
			);
			path = UIView;
			sourceTree = "<group>";
		};
		E9C03F50A4AC2B82809B0350 /* Pods */ = {
			isa = PBXGroup;
			children = (
				964366FA788567CDF7EB38BD /* Pods-VPlan.debug.xcconfig */,
				31AE7B85D981BAAB16EA8751 /* Pods-VPlan.release.xcconfig */,
				8373F2C311910EB551D42D55 /* Pods-VPlanTests.debug.xcconfig */,
				2F8AA2A90617C9F4D75D4622 /* Pods-VPlanTests.release.xcconfig */,
			);
			path = Pods;
			sourceTree = "<group>";
		};
		FE9C8E8D904B66546EED036A /* Frameworks */ = {
			isa = PBXGroup;
			children = (
				9C369BFC7821149CE02C9EB9 /* Pods_VPlan.framework */,
				B3B79CBB40D42E253A57506E /* Pods_VPlanTests.framework */,
			);
			name = Frameworks;
			sourceTree = "<group>";
		};
/* End PBXGroup section */

/* Begin PBXNativeTarget section */
		81A28E672470331C00975F8C /* VPlan */ = {
			isa = PBXNativeTarget;
			buildConfigurationList = 81A28E872470332100975F8C /* Build configuration list for PBXNativeTarget "VPlan" */;
			buildPhases = (
				F3006115B0ACA45AA2567D29 /* [CP] Check Pods Manifest.lock */,
				81A28E642470331C00975F8C /* Sources */,
				81A28E652470331C00975F8C /* Frameworks */,
				81A28E662470331C00975F8C /* Resources */,
				B17117D8E3D70C396A42CE6C /* [CP] Embed Pods Frameworks */,
				81F4657924703DD6000AA11E /* Swift Lint */,
			);
			buildRules = (
			);
			dependencies = (
			);
			name = VPlan;
			productName = VPlan;
			productReference = 81A28E682470331C00975F8C /* VPlan.app */;
			productType = "com.apple.product-type.application";
		};
		81A28E7D2470332100975F8C /* VPlanTests */ = {
			isa = PBXNativeTarget;
			buildConfigurationList = 81A28E8A2470332100975F8C /* Build configuration list for PBXNativeTarget "VPlanTests" */;
			buildPhases = (
				B58D1EE816A3E131FC985683 /* [CP] Check Pods Manifest.lock */,
				81A28E7A2470332100975F8C /* Sources */,
				81A28E7B2470332100975F8C /* Frameworks */,
				81A28E7C2470332100975F8C /* Resources */,
			);
			buildRules = (
			);
			dependencies = (
				81A28E802470332100975F8C /* PBXTargetDependency */,
			);
			name = VPlanTests;
			productName = VPlanTests;
			productReference = 81A28E7E2470332100975F8C /* VPlanTests.xctest */;
			productType = "com.apple.product-type.bundle.unit-test";
		};
/* End PBXNativeTarget section */

/* Begin PBXProject section */
		81A28E602470331C00975F8C /* Project object */ = {
			isa = PBXProject;
			attributes = {
				LastSwiftUpdateCheck = 1140;
				LastUpgradeCheck = 1140;
				ORGANIZATIONNAME = "Vinicius Mangueira";
				TargetAttributes = {
					81A28E672470331C00975F8C = {
						CreatedOnToolsVersion = 11.4.1;
					};
					81A28E7D2470332100975F8C = {
						CreatedOnToolsVersion = 11.4.1;
						TestTargetID = 81A28E672470331C00975F8C;
					};
				};
			};
			buildConfigurationList = 81A28E632470331C00975F8C /* Build configuration list for PBXProject "VPlan" */;
			compatibilityVersion = "Xcode 9.3";
			developmentRegion = en;
			hasScannedForEncodings = 0;
			knownRegions = (
				en,
				Base,
			);
			mainGroup = 81A28E5F2470331C00975F8C;
			productRefGroup = 81A28E692470331C00975F8C /* Products */;
			projectDirPath = "";
			projectRoot = "";
			targets = (
				81A28E672470331C00975F8C /* VPlan */,
				81A28E7D2470332100975F8C /* VPlanTests */,
			);
		};
/* End PBXProject section */

/* Begin PBXResourcesBuildPhase section */
		81A28E662470331C00975F8C /* Resources */ = {
			isa = PBXResourcesBuildPhase;
			buildActionMask = 2147483647;
			files = (
				81A28E782470332100975F8C /* LaunchScreen.storyboard in Resources */,
				81A28E752470332100975F8C /* Assets.xcassets in Resources */,
				81A28E9A247039C200975F8C /* GoogleService-Info.plist in Resources */,
			);
			runOnlyForDeploymentPostprocessing = 0;
		};
		81A28E7C2470332100975F8C /* Resources */ = {
			isa = PBXResourcesBuildPhase;
			buildActionMask = 2147483647;
			files = (
			);
			runOnlyForDeploymentPostprocessing = 0;
		};
/* End PBXResourcesBuildPhase section */

/* Begin PBXShellScriptBuildPhase section */
		81F4657924703DD6000AA11E /* Swift Lint */ = {
			isa = PBXShellScriptBuildPhase;
			buildActionMask = 2147483647;
			files = (
			);
			inputFileListPaths = (
			);
			inputPaths = (
			);
			name = "Swift Lint";
			outputFileListPaths = (
			);
			outputPaths = (
			);
			runOnlyForDeploymentPostprocessing = 0;
			shellPath = /bin/sh;
			shellScript = "if which swiftlint >/dev/null; then\n  swiftlint\nelse\n  echo \"warning: SwiftLint not installed, download from https://github.com/realm/SwiftLint\"\nfi\n";
		};
		B17117D8E3D70C396A42CE6C /* [CP] Embed Pods Frameworks */ = {
			isa = PBXShellScriptBuildPhase;
			buildActionMask = 2147483647;
			files = (
			);
			inputFileListPaths = (
				"${PODS_ROOT}/Target Support Files/Pods-VPlan/Pods-VPlan-frameworks-${CONFIGURATION}-input-files.xcfilelist",
			);
			name = "[CP] Embed Pods Frameworks";
			outputFileListPaths = (
				"${PODS_ROOT}/Target Support Files/Pods-VPlan/Pods-VPlan-frameworks-${CONFIGURATION}-output-files.xcfilelist",
			);
			runOnlyForDeploymentPostprocessing = 0;
			shellPath = /bin/sh;
			shellScript = "\"${PODS_ROOT}/Target Support Files/Pods-VPlan/Pods-VPlan-frameworks.sh\"\n";
			showEnvVarsInLog = 0;
		};
		B58D1EE816A3E131FC985683 /* [CP] Check Pods Manifest.lock */ = {
			isa = PBXShellScriptBuildPhase;
			buildActionMask = 2147483647;
			files = (
			);
			inputFileListPaths = (
			);
			inputPaths = (
				"${PODS_PODFILE_DIR_PATH}/Podfile.lock",
				"${PODS_ROOT}/Manifest.lock",
			);
			name = "[CP] Check Pods Manifest.lock";
			outputFileListPaths = (
			);
			outputPaths = (
				"$(DERIVED_FILE_DIR)/Pods-VPlanTests-checkManifestLockResult.txt",
			);
			runOnlyForDeploymentPostprocessing = 0;
			shellPath = /bin/sh;
			shellScript = "diff \"${PODS_PODFILE_DIR_PATH}/Podfile.lock\" \"${PODS_ROOT}/Manifest.lock\" > /dev/null\nif [ $? != 0 ] ; then\n    # print error to STDERR\n    echo \"error: The sandbox is not in sync with the Podfile.lock. Run 'pod install' or update your CocoaPods installation.\" >&2\n    exit 1\nfi\n# This output is used by Xcode 'outputs' to avoid re-running this script phase.\necho \"SUCCESS\" > \"${SCRIPT_OUTPUT_FILE_0}\"\n";
			showEnvVarsInLog = 0;
		};
		F3006115B0ACA45AA2567D29 /* [CP] Check Pods Manifest.lock */ = {
			isa = PBXShellScriptBuildPhase;
			buildActionMask = 2147483647;
			files = (
			);
			inputFileListPaths = (
			);
			inputPaths = (
				"${PODS_PODFILE_DIR_PATH}/Podfile.lock",
				"${PODS_ROOT}/Manifest.lock",
			);
			name = "[CP] Check Pods Manifest.lock";
			outputFileListPaths = (
			);
			outputPaths = (
				"$(DERIVED_FILE_DIR)/Pods-VPlan-checkManifestLockResult.txt",
			);
			runOnlyForDeploymentPostprocessing = 0;
			shellPath = /bin/sh;
			shellScript = "diff \"${PODS_PODFILE_DIR_PATH}/Podfile.lock\" \"${PODS_ROOT}/Manifest.lock\" > /dev/null\nif [ $? != 0 ] ; then\n    # print error to STDERR\n    echo \"error: The sandbox is not in sync with the Podfile.lock. Run 'pod install' or update your CocoaPods installation.\" >&2\n    exit 1\nfi\n# This output is used by Xcode 'outputs' to avoid re-running this script phase.\necho \"SUCCESS\" > \"${SCRIPT_OUTPUT_FILE_0}\"\n";
			showEnvVarsInLog = 0;
		};
/* End PBXShellScriptBuildPhase section */

/* Begin PBXSourcesBuildPhase section */
		81A28E642470331C00975F8C /* Sources */ = {
			isa = PBXSourcesBuildPhase;
			buildActionMask = 2147483647;
			files = (
				819DDF3C24719ADE00E143C0 /* FirebaseFirestoreService.swift in Sources */,
				810BE83B2470839B00C94650 /* LoginContentView.swift in Sources */,
				81A28E6C2470331C00975F8C /* AppDelegate.swift in Sources */,
				8129905A2471E02300C046C7 /* FeedPlanTableViewCell.swift in Sources */,
				81A28E6E2470331C00975F8C /* SceneDelegate.swift in Sources */,
				81E75355247058B0004B44EB /* InteractionTextField.swift in Sources */,
				81867C302471808B00BB74E1 /* FeedPlanView.swift in Sources */,
				81867C3424718C5000BB74E1 /* CreatePlanView.swift in Sources */,
				810BE8392470838E00C94650 /* LoginView.swift in Sources */,
				81A28E98247034EC00975F8C /* WelcomeView.swift in Sources */,
				810BE832247077FC00C94650 /* FirebaseAuthService.swift in Sources */,
				81867C3C2471941600BB74E1 /* CreatePlanViewModel.swift in Sources */,
				8116B035247238AE0066AAA1 /* ProfileView.swift in Sources */,
				812990562471D8F000C046C7 /* FeedPlanViewModel.swift in Sources */,
				81E7535324705724004B44EB /* RegisterContentView.swift in Sources */,
				8152DE0F2470562C00BF85B2 /* RegisterView.swift in Sources */,
				81F4657D247042B7000AA11E /* WelcomeContentView.swift in Sources */,
				810BE83D247083B000C94650 /* LoginViewModel.swift in Sources */,
				8116B037247238B80066AAA1 /* ProfileContentView.swift in Sources */,
				81E7535924706523004B44EB /* RegisterViewModel.swift in Sources */,
				812990582471DEEA00C046C7 /* FeedPlanContentView.swift in Sources */,
				81F465832470435A000AA11E /* ConfigurableView.swift in Sources */,
				81F465812470433E000AA11E /* Then.swift in Sources */,
				812990642472088300C046C7 /* MenuBarView.swift in Sources */,
				8129905C2471E56A00C046C7 /* FeedPlanContentViewCell.swift in Sources */,
				81867C3624718DD200BB74E1 /* GradientNavigationBar.swift in Sources */,
				8116B03924723AB50066AAA1 /* ProfileViewModel.swift in Sources */,
				8129905E2471E78800C046C7 /* UITableView+Animation.swift in Sources */,
				8152DE0724704F6D00BF85B2 /* InteractionButton.swift in Sources */,
				810BE84624708F9400C94650 /* ForgotPasswordContentView.swift in Sources */,
				81867C3824718FB500BB74E1 /* CreatePlanContentView.swift in Sources */,
				810BE8482470904800C94650 /* ForgotPasswordViewModel.swift in Sources */,
				812990602471EEEB00C046C7 /* TrackLayerView.swift in Sources */,
				812990622472077B00C046C7 /* MenuCollectionViewCell.swift in Sources */,
				81A28E922470349A00975F8C /* Coordinator.swift in Sources */,
				810BE84424708E5400C94650 /* ForgotPasswordView.swift in Sources */,
				810BE82F2470698E00C94650 /* Regex.swift in Sources */,
			);
			runOnlyForDeploymentPostprocessing = 0;
		};
		81A28E7A2470332100975F8C /* Sources */ = {
			isa = PBXSourcesBuildPhase;
			buildActionMask = 2147483647;
			files = (
				8116B04D24730BF40066AAA1 /* FirebaseFireStoreMock.swift in Sources */,
				8116B0472472FBA80066AAA1 /* FirebaseAuthServiceMock.swift in Sources */,
				8116B04B247306E90066AAA1 /* LoginSceneTests.swift in Sources */,
				8116B049247303270066AAA1 /* RegisterSceneTests.swift in Sources */,
				81A28E832470332100975F8C /* VPlanTests.swift in Sources */,
				8116B0442472EF0C0066AAA1 /* RegexTests.swift in Sources */,
			);
			runOnlyForDeploymentPostprocessing = 0;
		};
/* End PBXSourcesBuildPhase section */

/* Begin PBXTargetDependency section */
		81A28E802470332100975F8C /* PBXTargetDependency */ = {
			isa = PBXTargetDependency;
			target = 81A28E672470331C00975F8C /* VPlan */;
			targetProxy = 81A28E7F2470332100975F8C /* PBXContainerItemProxy */;
		};
/* End PBXTargetDependency section */

/* Begin PBXVariantGroup section */
		81A28E762470332100975F8C /* LaunchScreen.storyboard */ = {
			isa = PBXVariantGroup;
			children = (
				81A28E772470332100975F8C /* Base */,
			);
			name = LaunchScreen.storyboard;
			sourceTree = "<group>";
		};
/* End PBXVariantGroup section */

/* Begin XCBuildConfiguration section */
		81A28E852470332100975F8C /* Debug */ = {
			isa = XCBuildConfiguration;
			buildSettings = {
				ALWAYS_SEARCH_USER_PATHS = NO;
				CLANG_ANALYZER_NONNULL = YES;
				CLANG_ANALYZER_NUMBER_OBJECT_CONVERSION = YES_AGGRESSIVE;
				CLANG_CXX_LANGUAGE_STANDARD = "gnu++14";
				CLANG_CXX_LIBRARY = "libc++";
				CLANG_ENABLE_MODULES = YES;
				CLANG_ENABLE_OBJC_ARC = YES;
				CLANG_ENABLE_OBJC_WEAK = YES;
				CLANG_WARN_BLOCK_CAPTURE_AUTORELEASING = YES;
				CLANG_WARN_BOOL_CONVERSION = YES;
				CLANG_WARN_COMMA = YES;
				CLANG_WARN_CONSTANT_CONVERSION = YES;
				CLANG_WARN_DEPRECATED_OBJC_IMPLEMENTATIONS = YES;
				CLANG_WARN_DIRECT_OBJC_ISA_USAGE = YES_ERROR;
				CLANG_WARN_DOCUMENTATION_COMMENTS = YES;
				CLANG_WARN_EMPTY_BODY = YES;
				CLANG_WARN_ENUM_CONVERSION = YES;
				CLANG_WARN_INFINITE_RECURSION = YES;
				CLANG_WARN_INT_CONVERSION = YES;
				CLANG_WARN_NON_LITERAL_NULL_CONVERSION = YES;
				CLANG_WARN_OBJC_IMPLICIT_RETAIN_SELF = YES;
				CLANG_WARN_OBJC_LITERAL_CONVERSION = YES;
				CLANG_WARN_OBJC_ROOT_CLASS = YES_ERROR;
				CLANG_WARN_RANGE_LOOP_ANALYSIS = YES;
				CLANG_WARN_STRICT_PROTOTYPES = YES;
				CLANG_WARN_SUSPICIOUS_MOVE = YES;
				CLANG_WARN_UNGUARDED_AVAILABILITY = YES_AGGRESSIVE;
				CLANG_WARN_UNREACHABLE_CODE = YES;
				CLANG_WARN__DUPLICATE_METHOD_MATCH = YES;
				COPY_PHASE_STRIP = NO;
				DEBUG_INFORMATION_FORMAT = dwarf;
				ENABLE_STRICT_OBJC_MSGSEND = YES;
				ENABLE_TESTABILITY = YES;
				GCC_C_LANGUAGE_STANDARD = gnu11;
				GCC_DYNAMIC_NO_PIC = NO;
				GCC_NO_COMMON_BLOCKS = YES;
				GCC_OPTIMIZATION_LEVEL = 0;
				GCC_PREPROCESSOR_DEFINITIONS = (
					"DEBUG=1",
					"$(inherited)",
				);
				GCC_WARN_64_TO_32_BIT_CONVERSION = YES;
				GCC_WARN_ABOUT_RETURN_TYPE = YES_ERROR;
				GCC_WARN_UNDECLARED_SELECTOR = YES;
				GCC_WARN_UNINITIALIZED_AUTOS = YES_AGGRESSIVE;
				GCC_WARN_UNUSED_FUNCTION = YES;
				GCC_WARN_UNUSED_VARIABLE = YES;
				IPHONEOS_DEPLOYMENT_TARGET = 13.4;
				MTL_ENABLE_DEBUG_INFO = INCLUDE_SOURCE;
				MTL_FAST_MATH = YES;
				ONLY_ACTIVE_ARCH = YES;
				SDKROOT = iphoneos;
				SWIFT_ACTIVE_COMPILATION_CONDITIONS = DEBUG;
				SWIFT_OPTIMIZATION_LEVEL = "-Onone";
			};
			name = Debug;
		};
		81A28E862470332100975F8C /* Release */ = {
			isa = XCBuildConfiguration;
			buildSettings = {
				ALWAYS_SEARCH_USER_PATHS = NO;
				CLANG_ANALYZER_NONNULL = YES;
				CLANG_ANALYZER_NUMBER_OBJECT_CONVERSION = YES_AGGRESSIVE;
				CLANG_CXX_LANGUAGE_STANDARD = "gnu++14";
				CLANG_CXX_LIBRARY = "libc++";
				CLANG_ENABLE_MODULES = YES;
				CLANG_ENABLE_OBJC_ARC = YES;
				CLANG_ENABLE_OBJC_WEAK = YES;
				CLANG_WARN_BLOCK_CAPTURE_AUTORELEASING = YES;
				CLANG_WARN_BOOL_CONVERSION = YES;
				CLANG_WARN_COMMA = YES;
				CLANG_WARN_CONSTANT_CONVERSION = YES;
				CLANG_WARN_DEPRECATED_OBJC_IMPLEMENTATIONS = YES;
				CLANG_WARN_DIRECT_OBJC_ISA_USAGE = YES_ERROR;
				CLANG_WARN_DOCUMENTATION_COMMENTS = YES;
				CLANG_WARN_EMPTY_BODY = YES;
				CLANG_WARN_ENUM_CONVERSION = YES;
				CLANG_WARN_INFINITE_RECURSION = YES;
				CLANG_WARN_INT_CONVERSION = YES;
				CLANG_WARN_NON_LITERAL_NULL_CONVERSION = YES;
				CLANG_WARN_OBJC_IMPLICIT_RETAIN_SELF = YES;
				CLANG_WARN_OBJC_LITERAL_CONVERSION = YES;
				CLANG_WARN_OBJC_ROOT_CLASS = YES_ERROR;
				CLANG_WARN_RANGE_LOOP_ANALYSIS = YES;
				CLANG_WARN_STRICT_PROTOTYPES = YES;
				CLANG_WARN_SUSPICIOUS_MOVE = YES;
				CLANG_WARN_UNGUARDED_AVAILABILITY = YES_AGGRESSIVE;
				CLANG_WARN_UNREACHABLE_CODE = YES;
				CLANG_WARN__DUPLICATE_METHOD_MATCH = YES;
				COPY_PHASE_STRIP = NO;
				DEBUG_INFORMATION_FORMAT = "dwarf-with-dsym";
				ENABLE_NS_ASSERTIONS = NO;
				ENABLE_STRICT_OBJC_MSGSEND = YES;
				GCC_C_LANGUAGE_STANDARD = gnu11;
				GCC_NO_COMMON_BLOCKS = YES;
				GCC_WARN_64_TO_32_BIT_CONVERSION = YES;
				GCC_WARN_ABOUT_RETURN_TYPE = YES_ERROR;
				GCC_WARN_UNDECLARED_SELECTOR = YES;
				GCC_WARN_UNINITIALIZED_AUTOS = YES_AGGRESSIVE;
				GCC_WARN_UNUSED_FUNCTION = YES;
				GCC_WARN_UNUSED_VARIABLE = YES;
				IPHONEOS_DEPLOYMENT_TARGET = 13.4;
				MTL_ENABLE_DEBUG_INFO = NO;
				MTL_FAST_MATH = YES;
				SDKROOT = iphoneos;
				SWIFT_COMPILATION_MODE = wholemodule;
				SWIFT_OPTIMIZATION_LEVEL = "-O";
				VALIDATE_PRODUCT = YES;
			};
			name = Release;
		};
		81A28E882470332100975F8C /* Debug */ = {
			isa = XCBuildConfiguration;
			baseConfigurationReference = 964366FA788567CDF7EB38BD /* Pods-VPlan.debug.xcconfig */;
			buildSettings = {
				ASSETCATALOG_COMPILER_APPICON_NAME = AppIcon;
				CODE_SIGN_STYLE = Automatic;
				DEVELOPMENT_TEAM = F6FYGZ29HL;
				INFOPLIST_FILE = VPlan/Info.plist;
				LD_RUNPATH_SEARCH_PATHS = (
					"$(inherited)",
					"@executable_path/Frameworks",
				);
				PRODUCT_BUNDLE_IDENTIFIER = com.vinicius.VPlan;
				PRODUCT_NAME = "$(TARGET_NAME)";
				SWIFT_VERSION = 5.0;
				TARGETED_DEVICE_FAMILY = "1,2";
			};
			name = Debug;
		};
		81A28E892470332100975F8C /* Release */ = {
			isa = XCBuildConfiguration;
			baseConfigurationReference = 31AE7B85D981BAAB16EA8751 /* Pods-VPlan.release.xcconfig */;
			buildSettings = {
				ASSETCATALOG_COMPILER_APPICON_NAME = AppIcon;
				CODE_SIGN_STYLE = Automatic;
				DEVELOPMENT_TEAM = F6FYGZ29HL;
				INFOPLIST_FILE = VPlan/Info.plist;
				LD_RUNPATH_SEARCH_PATHS = (
					"$(inherited)",
					"@executable_path/Frameworks",
				);
				PRODUCT_BUNDLE_IDENTIFIER = com.vinicius.VPlan;
				PRODUCT_NAME = "$(TARGET_NAME)";
				SWIFT_VERSION = 5.0;
				TARGETED_DEVICE_FAMILY = "1,2";
			};
			name = Release;
		};
		81A28E8B2470332100975F8C /* Debug */ = {
			isa = XCBuildConfiguration;
			baseConfigurationReference = 8373F2C311910EB551D42D55 /* Pods-VPlanTests.debug.xcconfig */;
			buildSettings = {
				ALWAYS_EMBED_SWIFT_STANDARD_LIBRARIES = YES;
				BUNDLE_LOADER = "$(TEST_HOST)";
				CODE_SIGN_STYLE = Automatic;
				DEVELOPMENT_TEAM = F6FYGZ29HL;
				INFOPLIST_FILE = VPlanTests/Info.plist;
				IPHONEOS_DEPLOYMENT_TARGET = 13.4;
				LD_RUNPATH_SEARCH_PATHS = (
					"$(inherited)",
					"@executable_path/Frameworks",
					"@loader_path/Frameworks",
				);
				PRODUCT_BUNDLE_IDENTIFIER = com.vinicius.VPlanTests;
				PRODUCT_NAME = "$(TARGET_NAME)";
				SWIFT_VERSION = 5.0;
				TARGETED_DEVICE_FAMILY = "1,2";
				TEST_HOST = "$(BUILT_PRODUCTS_DIR)/VPlan.app/VPlan";
			};
			name = Debug;
		};
		81A28E8C2470332100975F8C /* Release */ = {
			isa = XCBuildConfiguration;
			baseConfigurationReference = 2F8AA2A90617C9F4D75D4622 /* Pods-VPlanTests.release.xcconfig */;
			buildSettings = {
				ALWAYS_EMBED_SWIFT_STANDARD_LIBRARIES = YES;
				BUNDLE_LOADER = "$(TEST_HOST)";
				CODE_SIGN_STYLE = Automatic;
				DEVELOPMENT_TEAM = F6FYGZ29HL;
				INFOPLIST_FILE = VPlanTests/Info.plist;
				IPHONEOS_DEPLOYMENT_TARGET = 13.4;
				LD_RUNPATH_SEARCH_PATHS = (
					"$(inherited)",
					"@executable_path/Frameworks",
					"@loader_path/Frameworks",
				);
				PRODUCT_BUNDLE_IDENTIFIER = com.vinicius.VPlanTests;
				PRODUCT_NAME = "$(TARGET_NAME)";
				SWIFT_VERSION = 5.0;
				TARGETED_DEVICE_FAMILY = "1,2";
				TEST_HOST = "$(BUILT_PRODUCTS_DIR)/VPlan.app/VPlan";
			};
			name = Release;
		};
/* End XCBuildConfiguration section */

/* Begin XCConfigurationList section */
		81A28E632470331C00975F8C /* Build configuration list for PBXProject "VPlan" */ = {
			isa = XCConfigurationList;
			buildConfigurations = (
				81A28E852470332100975F8C /* Debug */,
				81A28E862470332100975F8C /* Release */,
			);
			defaultConfigurationIsVisible = 0;
			defaultConfigurationName = Release;
		};
		81A28E872470332100975F8C /* Build configuration list for PBXNativeTarget "VPlan" */ = {
			isa = XCConfigurationList;
			buildConfigurations = (
				81A28E882470332100975F8C /* Debug */,
				81A28E892470332100975F8C /* Release */,
			);
			defaultConfigurationIsVisible = 0;
			defaultConfigurationName = Release;
		};
		81A28E8A2470332100975F8C /* Build configuration list for PBXNativeTarget "VPlanTests" */ = {
			isa = XCConfigurationList;
			buildConfigurations = (
				81A28E8B2470332100975F8C /* Debug */,
				81A28E8C2470332100975F8C /* Release */,
			);
			defaultConfigurationIsVisible = 0;
			defaultConfigurationName = Release;
		};
/* End XCConfigurationList section */
	};
	rootObject = 81A28E602470331C00975F8C /* Project object */;
}
